
Microsoft Visual Studio Solution File, Format Version 12.00
# Visual Studio Version 17
VisualStudioVersion = 17.1.32421.90
MinimumVisualStudioVersion = 10.0.40219.1
Project("{FAE04EC0-301F-11D3-BF4B-00C04F79EFBC}") = "LawwlUp", "LawwlUp\LawwlUp.csproj", "{3A661854-7737-4484-BB2E-F07DB589AF09}"
EndProject
Global
	GlobalSection(SolutionConfigurationPlatforms) = preSolution
		Debug|Any CPU = Debug|Any CPU
		Release|Any CPU = Release|Any CPU
	EndGlobalSection
	GlobalSection(ProjectConfigurationPlatforms) = postSolution
		{3A661854-7737-4484-BB2E-F07DB589AF09}.Debug|Any CPU.ActiveCfg = Debug|Any CPU
		{3A661854-7737-4484-BB2E-F07DB589AF09}.Debug|Any CPU.Build.0 = Debug|Any CPU
		{3A661854-7737-4484-BB2E-F07DB589AF09}.Release|Any CPU.ActiveCfg = Release|Any CPU
		{3A661854-7737-4484-BB2E-F07DB589AF09}.Release|Any CPU.Build.0 = Release|Any CPU
	EndGlobalSection
	GlobalSection(SolutionProperties) = preSolution
		HideSolutionNode = FALSE
	EndGlobalSection
	GlobalSection(ExtensibilityGlobals) = postSolution
		SolutionGuid = {B19D5B52-CB7D-4F6E-BAA6-1F1E0133E8DC}
	EndGlobalSection
EndGlobal
